// !$*UTF8*$!
{
	archiveVersion = 1;
	classes = {
	};
	objectVersion = 46;
	objects = {

/* Begin PBXBuildFile section */
		41E184BA6063B6259B256D04 /* Pods_UltimateUp.framework in Frameworks */ = {isa = PBXBuildFile; fileRef = FB6E8376595E9D5A26FE06EF /* Pods_UltimateUp.framework */; settings = {ATTRIBUTES = (Weak, ); }; };
		8C2CB67C1B2A9BFA002425D5 /* CoreBluetooth.framework in Frameworks */ = {isa = PBXBuildFile; fileRef = 8C2CB6781B2A9AC7002425D5 /* CoreBluetooth.framework */; };
		8C2CB67D1B2A9BFF002425D5 /* Accelerate.framework in Frameworks */ = {isa = PBXBuildFile; fileRef = 8C2CB67A1B2A9AD0002425D5 /* Accelerate.framework */; };
		8C94DC431AC2715000A6205D /* AppDelegate.swift in Sources */ = {isa = PBXBuildFile; fileRef = 8C94DC421AC2715000A6205D /* AppDelegate.swift */; };
		8C94DC451AC2715000A6205D /* MainViewController.swift in Sources */ = {isa = PBXBuildFile; fileRef = 8C94DC441AC2715000A6205D /* MainViewController.swift */; };
		8C94DC481AC2715000A6205D /* Main.storyboard in Resources */ = {isa = PBXBuildFile; fileRef = 8C94DC461AC2715000A6205D /* Main.storyboard */; };
		8C94DC4A1AC2715000A6205D /* Images.xcassets in Resources */ = {isa = PBXBuildFile; fileRef = 8C94DC491AC2715000A6205D /* Images.xcassets */; };
		8C94DC4D1AC2715000A6205D /* LaunchScreen.xib in Resources */ = {isa = PBXBuildFile; fileRef = 8C94DC4B1AC2715000A6205D /* LaunchScreen.xib */; };
		8C94DC591AC2715000A6205D /* UltimateUpTests.swift in Sources */ = {isa = PBXBuildFile; fileRef = 8C94DC581AC2715000A6205D /* UltimateUpTests.swift */; };
		8CBAA34C1AC5FECF00F0DDCD /* SignInViewController.swift in Sources */ = {isa = PBXBuildFile; fileRef = 8CBAA34B1AC5FECF00F0DDCD /* SignInViewController.swift */; };
		8CEC85BB1B2B57EE00F72D96 /* createGameController.swift in Sources */ = {isa = PBXBuildFile; fileRef = 8CEC85BA1B2B57EE00F72D96 /* createGameController.swift */; };
/* End PBXBuildFile section */

/* Begin PBXContainerItemProxy section */
		8C94DC531AC2715000A6205D /* PBXContainerItemProxy */ = {
			isa = PBXContainerItemProxy;
			containerPortal = 8C94DC351AC2715000A6205D /* Project object */;
			proxyType = 1;
			remoteGlobalIDString = 8C94DC3C1AC2715000A6205D;
			remoteInfo = UltimateUp;
		};
/* End PBXContainerItemProxy section */

/* Begin PBXFileReference section */
		8C2CB6781B2A9AC7002425D5 /* CoreBluetooth.framework */ = {isa = PBXFileReference; lastKnownFileType = wrapper.framework; name = CoreBluetooth.framework; path = System/Library/Frameworks/CoreBluetooth.framework; sourceTree = SDKROOT; };
		8C2CB67A1B2A9AD0002425D5 /* Accelerate.framework */ = {isa = PBXFileReference; lastKnownFileType = wrapper.framework; name = Accelerate.framework; path = System/Library/Frameworks/Accelerate.framework; sourceTree = SDKROOT; };
		8C94DC3D1AC2715000A6205D /* UltimateUp.app */ = {isa = PBXFileReference; explicitFileType = wrapper.application; includeInIndex = 0; path = UltimateUp.app; sourceTree = BUILT_PRODUCTS_DIR; };
		8C94DC411AC2715000A6205D /* Info.plist */ = {isa = PBXFileReference; lastKnownFileType = text.plist.xml; path = Info.plist; sourceTree = "<group>"; };
		8C94DC421AC2715000A6205D /* AppDelegate.swift */ = {isa = PBXFileReference; lastKnownFileType = sourcecode.swift; path = AppDelegate.swift; sourceTree = "<group>"; };
		8C94DC441AC2715000A6205D /* MainViewController.swift */ = {isa = PBXFileReference; lastKnownFileType = sourcecode.swift; path = MainViewController.swift; sourceTree = "<group>"; };
		8C94DC471AC2715000A6205D /* Base */ = {isa = PBXFileReference; lastKnownFileType = file.storyboard; name = Base; path = Base.lproj/Main.storyboard; sourceTree = "<group>"; };
		8C94DC491AC2715000A6205D /* Images.xcassets */ = {isa = PBXFileReference; lastKnownFileType = folder.assetcatalog; path = Images.xcassets; sourceTree = "<group>"; };
		8C94DC4C1AC2715000A6205D /* Base */ = {isa = PBXFileReference; lastKnownFileType = file.xib; name = Base; path = Base.lproj/LaunchScreen.xib; sourceTree = "<group>"; };
		8C94DC521AC2715000A6205D /* UltimateUpTests.xctest */ = {isa = PBXFileReference; explicitFileType = wrapper.cfbundle; includeInIndex = 0; path = UltimateUpTests.xctest; sourceTree = BUILT_PRODUCTS_DIR; };
		8C94DC571AC2715000A6205D /* Info.plist */ = {isa = PBXFileReference; lastKnownFileType = text.plist.xml; path = Info.plist; sourceTree = "<group>"; };
		8C94DC581AC2715000A6205D /* UltimateUpTests.swift */ = {isa = PBXFileReference; lastKnownFileType = sourcecode.swift; path = UltimateUpTests.swift; sourceTree = "<group>"; };
		8C94DC671AC2732E00A6205D /* UltimateUp-Bridging-Header.h */ = {isa = PBXFileReference; lastKnownFileType = sourcecode.c.h; path = "UltimateUp-Bridging-Header.h"; sourceTree = "<group>"; };
		8CBAA34B1AC5FECF00F0DDCD /* SignInViewController.swift */ = {isa = PBXFileReference; fileEncoding = 4; lastKnownFileType = sourcecode.swift; path = SignInViewController.swift; sourceTree = "<group>"; };
		8CEC85B31B2B3D9900F72D96 /* FBSDKLoginKit.framework */ = {isa = PBXFileReference; lastKnownFileType = wrapper.framework; name = FBSDKLoginKit.framework; path = "Pods/../build/Debug-iphoneos/Pods-UltimateUp/FBSDKLoginKit.framework"; sourceTree = "<group>"; };
		8CEC85B51B2B407000F72D96 /* FBSDKLoginKit.framework */ = {isa = PBXFileReference; lastKnownFileType = wrapper.framework; name = FBSDKLoginKit.framework; path = "Pods/../build/Debug-iphoneos/Pods-UltimateUp/FBSDKLoginKit.framework"; sourceTree = "<group>"; };
		8CEC85B71B2B409100F72D96 /* FBSDKLoginKit.framework */ = {isa = PBXFileReference; lastKnownFileType = wrapper.framework; name = FBSDKLoginKit.framework; path = "Pods/../build/Debug-iphoneos/Pods-UltimateUp/FBSDKLoginKit.framework"; sourceTree = "<group>"; };
		8CEC85BA1B2B57EE00F72D96 /* createGameController.swift */ = {isa = PBXFileReference; fileEncoding = 4; lastKnownFileType = sourcecode.swift; path = createGameController.swift; sourceTree = "<group>"; };
		A640415DCE84D996F465D0F1 /* Pods-UltimateUp.debug.xcconfig */ = {isa = PBXFileReference; includeInIndex = 1; lastKnownFileType = text.xcconfig; name = "Pods-UltimateUp.debug.xcconfig"; path = "Pods/Target Support Files/Pods-UltimateUp/Pods-UltimateUp.debug.xcconfig"; sourceTree = "<group>"; };
		B7453D42A8F5C3B9423F2CD0 /* Pods-UltimateUp.release.xcconfig */ = {isa = PBXFileReference; includeInIndex = 1; lastKnownFileType = text.xcconfig; name = "Pods-UltimateUp.release.xcconfig"; path = "Pods/Target Support Files/Pods-UltimateUp/Pods-UltimateUp.release.xcconfig"; sourceTree = "<group>"; };
		FB6E8376595E9D5A26FE06EF /* Pods_UltimateUp.framework */ = {isa = PBXFileReference; explicitFileType = wrapper.framework; includeInIndex = 0; path = Pods_UltimateUp.framework; sourceTree = BUILT_PRODUCTS_DIR; };
/* End PBXFileReference section */

/* Begin PBXFrameworksBuildPhase section */
		8C94DC3A1AC2715000A6205D /* Frameworks */ = {
			isa = PBXFrameworksBuildPhase;
			buildActionMask = 2147483647;
			files = (
				8C2CB67D1B2A9BFF002425D5 /* Accelerate.framework in Frameworks */,
				8C2CB67C1B2A9BFA002425D5 /* CoreBluetooth.framework in Frameworks */,
				41E184BA6063B6259B256D04 /* Pods_UltimateUp.framework in Frameworks */,
			);
			runOnlyForDeploymentPostprocessing = 0;
		};
		8C94DC4F1AC2715000A6205D /* Frameworks */ = {
			isa = PBXFrameworksBuildPhase;
			buildActionMask = 2147483647;
			files = (
			);
			runOnlyForDeploymentPostprocessing = 0;
		};
/* End PBXFrameworksBuildPhase section */

/* Begin PBXGroup section */
		62F85AFE7C9AE37F0A761F2A /* Frameworks */ = {
			isa = PBXGroup;
			children = (
				8CEC85B71B2B409100F72D96 /* FBSDKLoginKit.framework */,
				8CEC85B51B2B407000F72D96 /* FBSDKLoginKit.framework */,
				8CEC85B31B2B3D9900F72D96 /* FBSDKLoginKit.framework */,
				8C2CB67A1B2A9AD0002425D5 /* Accelerate.framework */,
				8C2CB6781B2A9AC7002425D5 /* CoreBluetooth.framework */,
				FB6E8376595E9D5A26FE06EF /* Pods_UltimateUp.framework */,
			);
			name = Frameworks;
			sourceTree = "<group>";
		};
		8C94DC341AC2715000A6205D = {
			isa = PBXGroup;
			children = (
				8C94DC3F1AC2715000A6205D /* UltimateUp */,
				8C94DC551AC2715000A6205D /* UltimateUpTests */,
				8C94DC3E1AC2715000A6205D /* Products */,
				A80CE322E5FEFB55EF9947A3 /* Pods */,
				62F85AFE7C9AE37F0A761F2A /* Frameworks */,
			);
			sourceTree = "<group>";
		};
		8C94DC3E1AC2715000A6205D /* Products */ = {
			isa = PBXGroup;
			children = (
				8C94DC3D1AC2715000A6205D /* UltimateUp.app */,
				8C94DC521AC2715000A6205D /* UltimateUpTests.xctest */,
			);
			name = Products;
			sourceTree = "<group>";
		};
		8C94DC3F1AC2715000A6205D /* UltimateUp */ = {
			isa = PBXGroup;
			children = (
				8C94DC441AC2715000A6205D /* MainViewController.swift */,
				8CBAA34B1AC5FECF00F0DDCD /* SignInViewController.swift */,
				8CEC85BA1B2B57EE00F72D96 /* createGameController.swift */,
				8C94DC461AC2715000A6205D /* Main.storyboard */,
				8C94DC401AC2715000A6205D /* Supporting Files */,
			);
			path = UltimateUp;
			sourceTree = "<group>";
		};
		8C94DC401AC2715000A6205D /* Supporting Files */ = {
			isa = PBXGroup;
			children = (
				8C94DC491AC2715000A6205D /* Images.xcassets */,
				8C94DC4B1AC2715000A6205D /* LaunchScreen.xib */,
				8C94DC421AC2715000A6205D /* AppDelegate.swift */,
				8C94DC671AC2732E00A6205D /* UltimateUp-Bridging-Header.h */,
				8C94DC411AC2715000A6205D /* Info.plist */,
			);
			name = "Supporting Files";
			sourceTree = "<group>";
		};
		8C94DC551AC2715000A6205D /* UltimateUpTests */ = {
			isa = PBXGroup;
			children = (
				8C94DC581AC2715000A6205D /* UltimateUpTests.swift */,
				8C94DC561AC2715000A6205D /* Supporting Files */,
			);
			path = UltimateUpTests;
			sourceTree = "<group>";
		};
		8C94DC561AC2715000A6205D /* Supporting Files */ = {
			isa = PBXGroup;
			children = (
				8C94DC571AC2715000A6205D /* Info.plist */,
			);
			name = "Supporting Files";
			sourceTree = "<group>";
		};
		A80CE322E5FEFB55EF9947A3 /* Pods */ = {
			isa = PBXGroup;
			children = (
				A640415DCE84D996F465D0F1 /* Pods-UltimateUp.debug.xcconfig */,
				B7453D42A8F5C3B9423F2CD0 /* Pods-UltimateUp.release.xcconfig */,
			);
			name = Pods;
			sourceTree = "<group>";
		};
/* End PBXGroup section */

/* Begin PBXNativeTarget section */
		8C94DC3C1AC2715000A6205D /* UltimateUp */ = {
			isa = PBXNativeTarget;
			buildConfigurationList = 8C94DC5C1AC2715000A6205D /* Build configuration list for PBXNativeTarget "UltimateUp" */;
			buildPhases = (
				0D961DA85D211A1924C85837 /* Check Pods Manifest.lock */,
				8C94DC391AC2715000A6205D /* Sources */,
				8C94DC3A1AC2715000A6205D /* Frameworks */,
				8C94DC3B1AC2715000A6205D /* Resources */,
				C94CD32A847F235F4D9FEBCC /* Copy Pods Resources */,
				CF21CE41B4724FA46DA43E45 /* Embed Pods Frameworks */,
			);
			buildRules = (
			);
			dependencies = (
			);
			name = UltimateUp;
			productName = UltimateUp;
			productReference = 8C94DC3D1AC2715000A6205D /* UltimateUp.app */;
			productType = "com.apple.product-type.application";
		};
		8C94DC511AC2715000A6205D /* UltimateUpTests */ = {
			isa = PBXNativeTarget;
			buildConfigurationList = 8C94DC5F1AC2715000A6205D /* Build configuration list for PBXNativeTarget "UltimateUpTests" */;
			buildPhases = (
				8C94DC4E1AC2715000A6205D /* Sources */,
				8C94DC4F1AC2715000A6205D /* Frameworks */,
				8C94DC501AC2715000A6205D /* Resources */,
			);
			buildRules = (
			);
			dependencies = (
				8C94DC541AC2715000A6205D /* PBXTargetDependency */,
			);
			name = UltimateUpTests;
			productName = UltimateUpTests;
			productReference = 8C94DC521AC2715000A6205D /* UltimateUpTests.xctest */;
			productType = "com.apple.product-type.bundle.unit-test";
		};
/* End PBXNativeTarget section */

/* Begin PBXProject section */
		8C94DC351AC2715000A6205D /* Project object */ = {
			isa = PBXProject;
			attributes = {
				LastSwiftUpdateCheck = 0700;
				LastUpgradeCheck = 0700;
				ORGANIZATIONNAME = "University of Washington, Seattle";
				TargetAttributes = {
					8C94DC3C1AC2715000A6205D = {
						CreatedOnToolsVersion = 6.2;
					};
					8C94DC511AC2715000A6205D = {
						CreatedOnToolsVersion = 6.2;
						TestTargetID = 8C94DC3C1AC2715000A6205D;
					};
				};
			};
			buildConfigurationList = 8C94DC381AC2715000A6205D /* Build configuration list for PBXProject "UltimateUp" */;
			compatibilityVersion = "Xcode 3.2";
			developmentRegion = English;
			hasScannedForEncodings = 0;
			knownRegions = (
				en,
				Base,
			);
			mainGroup = 8C94DC341AC2715000A6205D;
			productRefGroup = 8C94DC3E1AC2715000A6205D /* Products */;
			projectDirPath = "";
			projectRoot = "";
			targets = (
				8C94DC3C1AC2715000A6205D /* UltimateUp */,
				8C94DC511AC2715000A6205D /* UltimateUpTests */,
			);
		};
/* End PBXProject section */

/* Begin PBXResourcesBuildPhase section */
		8C94DC3B1AC2715000A6205D /* Resources */ = {
			isa = PBXResourcesBuildPhase;
			buildActionMask = 2147483647;
			files = (
				8C94DC481AC2715000A6205D /* Main.storyboard in Resources */,
				8C94DC4D1AC2715000A6205D /* LaunchScreen.xib in Resources */,
				8C94DC4A1AC2715000A6205D /* Images.xcassets in Resources */,
			);
			runOnlyForDeploymentPostprocessing = 0;
		};
		8C94DC501AC2715000A6205D /* Resources */ = {
			isa = PBXResourcesBuildPhase;
			buildActionMask = 2147483647;
			files = (
			);
			runOnlyForDeploymentPostprocessing = 0;
		};
/* End PBXResourcesBuildPhase section */

/* Begin PBXShellScriptBuildPhase section */
		0D961DA85D211A1924C85837 /* Check Pods Manifest.lock */ = {
			isa = PBXShellScriptBuildPhase;
			buildActionMask = 2147483647;
			files = (
			);
			inputPaths = (
			);
			name = "Check Pods Manifest.lock";
			outputPaths = (
			);
			runOnlyForDeploymentPostprocessing = 0;
			shellPath = /bin/sh;
			shellScript = "diff \"${PODS_ROOT}/../Podfile.lock\" \"${PODS_ROOT}/Manifest.lock\" > /dev/null\nif [[ $? != 0 ]] ; then\n    cat << EOM\nerror: The sandbox is not in sync with the Podfile.lock. Run 'pod install' or update your CocoaPods installation.\nEOM\n    exit 1\nfi\n";
			showEnvVarsInLog = 0;
		};
		C94CD32A847F235F4D9FEBCC /* Copy Pods Resources */ = {
			isa = PBXShellScriptBuildPhase;
			buildActionMask = 2147483647;
			files = (
			);
			inputPaths = (
			);
			name = "Copy Pods Resources";
			outputPaths = (
			);
			runOnlyForDeploymentPostprocessing = 0;
			shellPath = /bin/sh;
			shellScript = "\"${SRCROOT}/Pods/Target Support Files/Pods-UltimateUp/Pods-UltimateUp-resources.sh\"\n";
			showEnvVarsInLog = 0;
		};
		CF21CE41B4724FA46DA43E45 /* Embed Pods Frameworks */ = {
			isa = PBXShellScriptBuildPhase;
			buildActionMask = 2147483647;
			files = (
			);
			inputPaths = (
			);
			name = "Embed Pods Frameworks";
			outputPaths = (
			);
			runOnlyForDeploymentPostprocessing = 0;
			shellPath = /bin/sh;
			shellScript = "\"${SRCROOT}/Pods/Target Support Files/Pods-UltimateUp/Pods-UltimateUp-frameworks.sh\"\n";
			showEnvVarsInLog = 0;
		};
/* End PBXShellScriptBuildPhase section */

/* Begin PBXSourcesBuildPhase section */
		8C94DC391AC2715000A6205D /* Sources */ = {
			isa = PBXSourcesBuildPhase;
			buildActionMask = 2147483647;
			files = (
				8C94DC451AC2715000A6205D /* MainViewController.swift in Sources */,
				8C94DC431AC2715000A6205D /* AppDelegate.swift in Sources */,
				8CBAA34C1AC5FECF00F0DDCD /* SignInViewController.swift in Sources */,
				8CEC85BB1B2B57EE00F72D96 /* createGameController.swift in Sources */,
			);
			runOnlyForDeploymentPostprocessing = 0;
		};
		8C94DC4E1AC2715000A6205D /* Sources */ = {
			isa = PBXSourcesBuildPhase;
			buildActionMask = 2147483647;
			files = (
				8C94DC591AC2715000A6205D /* UltimateUpTests.swift in Sources */,
			);
			runOnlyForDeploymentPostprocessing = 0;
		};
/* End PBXSourcesBuildPhase section */

/* Begin PBXTargetDependency section */
		8C94DC541AC2715000A6205D /* PBXTargetDependency */ = {
			isa = PBXTargetDependency;
			target = 8C94DC3C1AC2715000A6205D /* UltimateUp */;
			targetProxy = 8C94DC531AC2715000A6205D /* PBXContainerItemProxy */;
		};
/* End PBXTargetDependency section */

/* Begin PBXVariantGroup section */
		8C94DC461AC2715000A6205D /* Main.storyboard */ = {
			isa = PBXVariantGroup;
			children = (
				8C94DC471AC2715000A6205D /* Base */,
			);
			name = Main.storyboard;
			sourceTree = "<group>";
		};
		8C94DC4B1AC2715000A6205D /* LaunchScreen.xib */ = {
			isa = PBXVariantGroup;
			children = (
				8C94DC4C1AC2715000A6205D /* Base */,
			);
			name = LaunchScreen.xib;
			sourceTree = "<group>";
		};
/* End PBXVariantGroup section */

/* Begin XCBuildConfiguration section */
		8C94DC5A1AC2715000A6205D /* Debug */ = {
			isa = XCBuildConfiguration;
			buildSettings = {
				ALWAYS_SEARCH_USER_PATHS = NO;
				CLANG_CXX_LANGUAGE_STANDARD = "gnu++0x";
				CLANG_CXX_LIBRARY = "libc++";
				CLANG_ENABLE_MODULES = YES;
				CLANG_ENABLE_OBJC_ARC = YES;
				CLANG_WARN_BOOL_CONVERSION = YES;
				CLANG_WARN_CONSTANT_CONVERSION = YES;
				CLANG_WARN_DIRECT_OBJC_ISA_USAGE = YES_ERROR;
				CLANG_WARN_EMPTY_BODY = YES;
				CLANG_WARN_ENUM_CONVERSION = YES;
				CLANG_WARN_INT_CONVERSION = YES;
				CLANG_WARN_OBJC_ROOT_CLASS = YES_ERROR;
				CLANG_WARN_UNREACHABLE_CODE = YES;
				CLANG_WARN__DUPLICATE_METHOD_MATCH = YES;
				"CODE_SIGN_IDENTITY[sdk=iphoneos*]" = "iPhone Developer";
				COPY_PHASE_STRIP = NO;
				ENABLE_STRICT_OBJC_MSGSEND = YES;
				ENABLE_TESTABILITY = YES;
				GCC_C_LANGUAGE_STANDARD = gnu99;
				GCC_DYNAMIC_NO_PIC = NO;
				GCC_OPTIMIZATION_LEVEL = 0;
				GCC_PREPROCESSOR_DEFINITIONS = (
					"DEBUG=1",
					"$(inherited)",
				);
				GCC_SYMBOLS_PRIVATE_EXTERN = NO;
				GCC_WARN_64_TO_32_BIT_CONVERSION = YES;
				GCC_WARN_ABOUT_RETURN_TYPE = YES_ERROR;
				GCC_WARN_UNDECLARED_SELECTOR = YES;
				GCC_WARN_UNINITIALIZED_AUTOS = YES_AGGRESSIVE;
				GCC_WARN_UNUSED_FUNCTION = YES;
				GCC_WARN_UNUSED_VARIABLE = YES;
				IPHONEOS_DEPLOYMENT_TARGET = 8.2;
				MTL_ENABLE_DEBUG_INFO = YES;
				ONLY_ACTIVE_ARCH = YES;
				"OTHER_LDFLAGS[arch=*]" = "-ObjC";
				SDKROOT = iphoneos;
				SWIFT_OPTIMIZATION_LEVEL = "-Onone";
			};
			name = Debug;
		};
		8C94DC5B1AC2715000A6205D /* Release */ = {
			isa = XCBuildConfiguration;
			buildSettings = {
				ALWAYS_SEARCH_USER_PATHS = NO;
				CLANG_CXX_LANGUAGE_STANDARD = "gnu++0x";
				CLANG_CXX_LIBRARY = "libc++";
				CLANG_ENABLE_MODULES = YES;
				CLANG_ENABLE_OBJC_ARC = YES;
				CLANG_WARN_BOOL_CONVERSION = YES;
				CLANG_WARN_CONSTANT_CONVERSION = YES;
				CLANG_WARN_DIRECT_OBJC_ISA_USAGE = YES_ERROR;
				CLANG_WARN_EMPTY_BODY = YES;
				CLANG_WARN_ENUM_CONVERSION = YES;
				CLANG_WARN_INT_CONVERSION = YES;
				CLANG_WARN_OBJC_ROOT_CLASS = YES_ERROR;
				CLANG_WARN_UNREACHABLE_CODE = YES;
				CLANG_WARN__DUPLICATE_METHOD_MATCH = YES;
				"CODE_SIGN_IDENTITY[sdk=iphoneos*]" = "iPhone Developer";
				COPY_PHASE_STRIP = NO;
				ENABLE_NS_ASSERTIONS = NO;
				ENABLE_STRICT_OBJC_MSGSEND = YES;
				GCC_C_LANGUAGE_STANDARD = gnu99;
				GCC_WARN_64_TO_32_BIT_CONVERSION = YES;
				GCC_WARN_ABOUT_RETURN_TYPE = YES_ERROR;
				GCC_WARN_UNDECLARED_SELECTOR = YES;
				GCC_WARN_UNINITIALIZED_AUTOS = YES_AGGRESSIVE;
				GCC_WARN_UNUSED_FUNCTION = YES;
				GCC_WARN_UNUSED_VARIABLE = YES;
				IPHONEOS_DEPLOYMENT_TARGET = 8.2;
				MTL_ENABLE_DEBUG_INFO = NO;
				"OTHER_LDFLAGS[arch=*]" = "-ObjC";
				SDKROOT = iphoneos;
				VALIDATE_PRODUCT = YES;
			};
			name = Release;
		};
		8C94DC5D1AC2715000A6205D /* Debug */ = {
			isa = XCBuildConfiguration;
			baseConfigurationReference = A640415DCE84D996F465D0F1 /* Pods-UltimateUp.debug.xcconfig */;
			buildSettings = {
				ASSETCATALOG_COMPILER_APPICON_NAME = AppIcon;
				CLANG_ENABLE_MODULES = YES;
				FRAMEWORK_SEARCH_PATHS = (
					"$(inherited)",
					"$(PROJECT_DIR)/UltimateUp",
					"$(PROJECT_DIR)/Pods/GoogleMaps/Frameworks",
				);
				INFOPLIST_FILE = UltimateUp/Info.plist;
				LD_RUNPATH_SEARCH_PATHS = "$(inherited) @executable_path/Frameworks";
				OTHER_CODE_SIGN_FLAGS = "";
				PRODUCT_BUNDLE_IDENTIFIER = "edu.uw.pshfls.$(PRODUCT_NAME:rfc1034identifier)";
				PRODUCT_NAME = "$(TARGET_NAME)";
				SWIFT_OBJC_BRIDGING_HEADER = "UltimateUp/UltimateUp-Bridging-Header.h";
				SWIFT_OPTIMIZATION_LEVEL = "-Onone";
			};
			name = Debug;
		};
		8C94DC5E1AC2715000A6205D /* Release */ = {
			isa = XCBuildConfiguration;
			baseConfigurationReference = B7453D42A8F5C3B9423F2CD0 /* Pods-UltimateUp.release.xcconfig */;
			buildSettings = {
				ASSETCATALOG_COMPILER_APPICON_NAME = AppIcon;
				CLANG_ENABLE_MODULES = YES;
				FRAMEWORK_SEARCH_PATHS = (
					"$(inherited)",
					"$(PROJECT_DIR)/UltimateUp",
					"$(PROJECT_DIR)/Pods/GoogleMaps/Frameworks",
				);
				INFOPLIST_FILE = UltimateUp/Info.plist;
				LD_RUNPATH_SEARCH_PATHS = "$(inherited) @executable_path/Frameworks";
				OTHER_CODE_SIGN_FLAGS = "";
				PRODUCT_BUNDLE_IDENTIFIER = "edu.uw.pshfls.$(PRODUCT_NAME:rfc1034identifier)";
				PRODUCT_NAME = "$(TARGET_NAME)";
				SWIFT_OBJC_BRIDGING_HEADER = "UltimateUp/UltimateUp-Bridging-Header.h";
			};
			name = Release;
		};
		8C94DC601AC2715000A6205D /* Debug */ = {
			isa = XCBuildConfiguration;
			buildSettings = {
				BUNDLE_LOADER = "$(TEST_HOST)";
				FRAMEWORK_SEARCH_PATHS = "$(inherited)";
				GCC_PREPROCESSOR_DEFINITIONS = (
					"DEBUG=1",
					"$(inherited)",
				);
				INFOPLIST_FILE = UltimateUpTests/Info.plist;
				LD_RUNPATH_SEARCH_PATHS = "$(inherited) @executable_path/Frameworks @loader_path/Frameworks";
				PRODUCT_BUNDLE_IDENTIFIER = "edu.uw.pshfls.$(PRODUCT_NAME:rfc1034identifier)";
				PRODUCT_NAME = "$(TARGET_NAME)";
				TEST_HOST = "$(BUILT_PRODUCTS_DIR)/UltimateUp.app/UltimateUp";
			};
			name = Debug;
		};
		8C94DC611AC2715000A6205D /* Release */ = {
			isa = XCBuildConfiguration;
			buildSettings = {
				BUNDLE_LOADER = "$(TEST_HOST)";
				FRAMEWORK_SEARCH_PATHS = "$(inherited)";
				INFOPLIST_FILE = UltimateUpTests/Info.plist;
				LD_RUNPATH_SEARCH_PATHS = "$(inherited) @executable_path/Frameworks @loader_path/Frameworks";
				PRODUCT_BUNDLE_IDENTIFIER = "edu.uw.pshfls.$(PRODUCT_NAME:rfc1034identifier)";
				PRODUCT_NAME = "$(TARGET_NAME)";
				TEST_HOST = "$(BUILT_PRODUCTS_DIR)/UltimateUp.app/UltimateUp";
			};
			name = Release;
		};
/* End XCBuildConfiguration section */

/* Begin XCConfigurationList section */
		8C94DC381AC2715000A6205D /* Build configuration list for PBXProject "UltimateUp" */ = {
			isa = XCConfigurationList;
			buildConfigurations = (
				8C94DC5A1AC2715000A6205D /* Debug */,
				8C94DC5B1AC2715000A6205D /* Release */,
			);
			defaultConfigurationIsVisible = 0;
			defaultConfigurationName = Release;
		};
		8C94DC5C1AC2715000A6205D /* Build configuration list for PBXNativeTarget "UltimateUp" */ = {
			isa = XCConfigurationList;
			buildConfigurations = (
				8C94DC5D1AC2715000A6205D /* Debug */,
				8C94DC5E1AC2715000A6205D /* Release */,
			);
			defaultConfigurationIsVisible = 0;
			defaultConfigurationName = Release;
		};
		8C94DC5F1AC2715000A6205D /* Build configuration list for PBXNativeTarget "UltimateUpTests" */ = {
			isa = XCConfigurationList;
			buildConfigurations = (
				8C94DC601AC2715000A6205D /* Debug */,
				8C94DC611AC2715000A6205D /* Release */,
			);
			defaultConfigurationIsVisible = 0;
			defaultConfigurationName = Release;
		};
/* End XCConfigurationList section */
	};
	rootObject = 8C94DC351AC2715000A6205D /* Project object */;
}
